// !$*UTF8*$!
{
	archiveVersion = 1;
	classes = {
	};
	objectVersion = 50;
	objects = {

/* Begin PBXBuildFile section */
		B252CAF3242E83AF00D918C7 /* AppDelegate.swift in Sources */ = {isa = PBXBuildFile; fileRef = B252CAF2242E83AF00D918C7 /* AppDelegate.swift */; };
		B252CAF5242E83AF00D918C7 /* SceneDelegate.swift in Sources */ = {isa = PBXBuildFile; fileRef = B252CAF4242E83AF00D918C7 /* SceneDelegate.swift */; };
		B252CAF7242E83AF00D918C7 /* ViewController.swift in Sources */ = {isa = PBXBuildFile; fileRef = B252CAF6242E83AF00D918C7 /* ViewController.swift */; };
		B252CAFA242E83AF00D918C7 /* Main.storyboard in Resources */ = {isa = PBXBuildFile; fileRef = B252CAF8242E83AF00D918C7 /* Main.storyboard */; };
		B252CAFC242E83B200D918C7 /* Assets.xcassets in Resources */ = {isa = PBXBuildFile; fileRef = B252CAFB242E83B200D918C7 /* Assets.xcassets */; };
		B252CAFF242E83B200D918C7 /* LaunchScreen.storyboard in Resources */ = {isa = PBXBuildFile; fileRef = B252CAFD242E83B200D918C7 /* LaunchScreen.storyboard */; };
		B252CB0A242E83B200D918C7 /* MovieAppTests.swift in Sources */ = {isa = PBXBuildFile; fileRef = B252CB09242E83B200D918C7 /* MovieAppTests.swift */; };
		B252CB15242E83B200D918C7 /* MovieAppUITests.swift in Sources */ = {isa = PBXBuildFile; fileRef = B252CB14242E83B200D918C7 /* MovieAppUITests.swift */; };
		B252CB31242FA20B00D918C7 /* RxSwift.framework in Frameworks */ = {isa = PBXBuildFile; fileRef = B252CB2E242FA20B00D918C7 /* RxSwift.framework */; };
		B252CB32242FA20C00D918C7 /* RxSwift.framework in Embed Frameworks */ = {isa = PBXBuildFile; fileRef = B252CB2E242FA20B00D918C7 /* RxSwift.framework */; settings = {ATTRIBUTES = (CodeSignOnCopy, RemoveHeadersOnCopy, ); }; };
		B252CB33242FA20C00D918C7 /* RxMoya.framework in Frameworks */ = {isa = PBXBuildFile; fileRef = B252CB2F242FA20B00D918C7 /* RxMoya.framework */; };
		B252CB34242FA20C00D918C7 /* RxMoya.framework in Embed Frameworks */ = {isa = PBXBuildFile; fileRef = B252CB2F242FA20B00D918C7 /* RxMoya.framework */; settings = {ATTRIBUTES = (CodeSignOnCopy, RemoveHeadersOnCopy, ); }; };
		B252CB35242FA20C00D918C7 /* RxCocoa.framework in Frameworks */ = {isa = PBXBuildFile; fileRef = B252CB30242FA20B00D918C7 /* RxCocoa.framework */; };
		B252CB36242FA20C00D918C7 /* RxCocoa.framework in Embed Frameworks */ = {isa = PBXBuildFile; fileRef = B252CB30242FA20B00D918C7 /* RxCocoa.framework */; settings = {ATTRIBUTES = (CodeSignOnCopy, RemoveHeadersOnCopy, ); }; };
		B252CB3B242FA44800D918C7 /* RxRelay.framework in Frameworks */ = {isa = PBXBuildFile; fileRef = B252CB39242FA43300D918C7 /* RxRelay.framework */; };
		B252CB3C242FA44800D918C7 /* RxRelay.framework in Embed Frameworks */ = {isa = PBXBuildFile; fileRef = B252CB39242FA43300D918C7 /* RxRelay.framework */; settings = {ATTRIBUTES = (CodeSignOnCopy, RemoveHeadersOnCopy, ); }; };
		B252CB3E242FA47300D918C7 /* Moya.framework in Frameworks */ = {isa = PBXBuildFile; fileRef = B252CB3D242FA47300D918C7 /* Moya.framework */; };
		B252CB3F242FA47300D918C7 /* Moya.framework in Embed Frameworks */ = {isa = PBXBuildFile; fileRef = B252CB3D242FA47300D918C7 /* Moya.framework */; settings = {ATTRIBUTES = (CodeSignOnCopy, RemoveHeadersOnCopy, ); }; };
		B252CB41242FA48F00D918C7 /* Alamofire.framework in Frameworks */ = {isa = PBXBuildFile; fileRef = B252CB40242FA48F00D918C7 /* Alamofire.framework */; };
		B252CB42242FA48F00D918C7 /* Alamofire.framework in Embed Frameworks */ = {isa = PBXBuildFile; fileRef = B252CB40242FA48F00D918C7 /* Alamofire.framework */; settings = {ATTRIBUTES = (CodeSignOnCopy, RemoveHeadersOnCopy, ); }; };
		B252CB48242FD1CA00D918C7 /* ApiRequest.swift in Sources */ = {isa = PBXBuildFile; fileRef = B252CB44242FD1CA00D918C7 /* ApiRequest.swift */; };
		B252CB49242FD1CA00D918C7 /* ApiConstant.swift in Sources */ = {isa = PBXBuildFile; fileRef = B252CB45242FD1CA00D918C7 /* ApiConstant.swift */; };
		B252CB4A242FD1CA00D918C7 /* ApiServices.swift in Sources */ = {isa = PBXBuildFile; fileRef = B252CB46242FD1CA00D918C7 /* ApiServices.swift */; };
		B252CB4C242FE03900D918C7 /* ApiResponse.swift in Sources */ = {isa = PBXBuildFile; fileRef = B252CB4B242FE03900D918C7 /* ApiResponse.swift */; };
		B252CB4E242FE04E00D918C7 /* ApiError.swift in Sources */ = {isa = PBXBuildFile; fileRef = B252CB4D242FE04E00D918C7 /* ApiError.swift */; };
		B27FD6BC2432438B00A9580A /* RxDataSources.framework in Frameworks */ = {isa = PBXBuildFile; fileRef = B27FD6BB2432438B00A9580A /* RxDataSources.framework */; };
		B27FD6BD2432438B00A9580A /* RxDataSources.framework in Embed Frameworks */ = {isa = PBXBuildFile; fileRef = B27FD6BB2432438B00A9580A /* RxDataSources.framework */; settings = {ATTRIBUTES = (CodeSignOnCopy, RemoveHeadersOnCopy, ); }; };
		B27FD6BF2432451D00A9580A /* Differentiator.framework in Frameworks */ = {isa = PBXBuildFile; fileRef = B27FD6BE2432451D00A9580A /* Differentiator.framework */; };
		B27FD6C02432451D00A9580A /* Differentiator.framework in Embed Frameworks */ = {isa = PBXBuildFile; fileRef = B27FD6BE2432451D00A9580A /* Differentiator.framework */; settings = {ATTRIBUTES = (CodeSignOnCopy, RemoveHeadersOnCopy, ); }; };
		B28CC46724315B9F00E3A5AC /* ApiRouter.swift in Sources */ = {isa = PBXBuildFile; fileRef = B252CB43242FD1C900D918C7 /* ApiRouter.swift */; };
		B28CC46A243176EB00E3A5AC /* PopularMovieListViewController.swift in Sources */ = {isa = PBXBuildFile; fileRef = B28CC468243176EB00E3A5AC /* PopularMovieListViewController.swift */; };
		B28CC46B243176EB00E3A5AC /* PopularMovieListViewController.xib in Resources */ = {isa = PBXBuildFile; fileRef = B28CC469243176EB00E3A5AC /* PopularMovieListViewController.xib */; };
		B28CC46E2431770B00E3A5AC /* PopularMovieListViewModel.swift in Sources */ = {isa = PBXBuildFile; fileRef = B28CC46D2431770B00E3A5AC /* PopularMovieListViewModel.swift */; };
		B28CC477243178F000E3A5AC /* NibIdentifiable.swift in Sources */ = {isa = PBXBuildFile; fileRef = B28CC474243178EF00E3A5AC /* NibIdentifiable.swift */; };
		B28CC478243178F000E3A5AC /* UITableView+Identifiable.swift in Sources */ = {isa = PBXBuildFile; fileRef = B28CC475243178EF00E3A5AC /* UITableView+Identifiable.swift */; };
		B28CC479243178F000E3A5AC /* ClassIdentifiable.swift in Sources */ = {isa = PBXBuildFile; fileRef = B28CC476243178F000E3A5AC /* ClassIdentifiable.swift */; };
		B28CC47B243179ED00E3A5AC /* BindableType.swift in Sources */ = {isa = PBXBuildFile; fileRef = B28CC47A243179ED00E3A5AC /* BindableType.swift */; };
		B28CC48324321A8700E3A5AC /* PopulerMoviewListTableViewCell.swift in Sources */ = {isa = PBXBuildFile; fileRef = B28CC48124321A8700E3A5AC /* PopulerMoviewListTableViewCell.swift */; };
		B28CC48424321A8700E3A5AC /* PopulerMoviewListTableViewCell.xib in Resources */ = {isa = PBXBuildFile; fileRef = B28CC48224321A8700E3A5AC /* PopulerMoviewListTableViewCell.xib */; };
		B28CC48624321AAB00E3A5AC /* PopulerMovieListTableViewCellViewModel.swift in Sources */ = {isa = PBXBuildFile; fileRef = B28CC48524321AAB00E3A5AC /* PopulerMovieListTableViewCellViewModel.swift */; };
		B28CC48924321DF200E3A5AC /* ObservableType+Extras.swift in Sources */ = {isa = PBXBuildFile; fileRef = B28CC48824321DF200E3A5AC /* ObservableType+Extras.swift */; };
		B2E0C7602430DBCF0037EDA0 /* PopulerMovieResponse.swift in Sources */ = {isa = PBXBuildFile; fileRef = B2E0C75F2430DBCF0037EDA0 /* PopulerMovieResponse.swift */; };
		B2E0C7632430DC210037EDA0 /* PopulerMovie.swift in Sources */ = {isa = PBXBuildFile; fileRef = B2E0C7622430DC210037EDA0 /* PopulerMovie.swift */; };
/* End PBXBuildFile section */

/* Begin PBXContainerItemProxy section */
		B252CB06242E83B200D918C7 /* PBXContainerItemProxy */ = {
			isa = PBXContainerItemProxy;
			containerPortal = B252CAE7242E83AF00D918C7 /* Project object */;
			proxyType = 1;
			remoteGlobalIDString = B252CAEE242E83AF00D918C7;
			remoteInfo = MovieApp;
		};
		B252CB11242E83B200D918C7 /* PBXContainerItemProxy */ = {
			isa = PBXContainerItemProxy;
			containerPortal = B252CAE7242E83AF00D918C7 /* Project object */;
			proxyType = 1;
			remoteGlobalIDString = B252CAEE242E83AF00D918C7;
			remoteInfo = MovieApp;
		};
/* End PBXContainerItemProxy section */

/* Begin PBXCopyFilesBuildPhase section */
		B252CB37242FA20C00D918C7 /* Embed Frameworks */ = {
			isa = PBXCopyFilesBuildPhase;
			buildActionMask = 2147483647;
			dstPath = "";
			dstSubfolderSpec = 10;
			files = (
				B252CB3C242FA44800D918C7 /* RxRelay.framework in Embed Frameworks */,
				B252CB42242FA48F00D918C7 /* Alamofire.framework in Embed Frameworks */,
				B27FD6C02432451D00A9580A /* Differentiator.framework in Embed Frameworks */,
				B252CB3F242FA47300D918C7 /* Moya.framework in Embed Frameworks */,
				B27FD6BD2432438B00A9580A /* RxDataSources.framework in Embed Frameworks */,
				B252CB36242FA20C00D918C7 /* RxCocoa.framework in Embed Frameworks */,
				B252CB34242FA20C00D918C7 /* RxMoya.framework in Embed Frameworks */,
				B252CB32242FA20C00D918C7 /* RxSwift.framework in Embed Frameworks */,
			);
			name = "Embed Frameworks";
			runOnlyForDeploymentPostprocessing = 0;
		};
/* End PBXCopyFilesBuildPhase section */

/* Begin PBXFileReference section */
		B252CAEF242E83AF00D918C7 /* MovieApp.app */ = {isa = PBXFileReference; explicitFileType = wrapper.application; includeInIndex = 0; path = MovieApp.app; sourceTree = BUILT_PRODUCTS_DIR; };
		B252CAF2242E83AF00D918C7 /* AppDelegate.swift */ = {isa = PBXFileReference; lastKnownFileType = sourcecode.swift; path = AppDelegate.swift; sourceTree = "<group>"; };
		B252CAF4242E83AF00D918C7 /* SceneDelegate.swift */ = {isa = PBXFileReference; lastKnownFileType = sourcecode.swift; path = SceneDelegate.swift; sourceTree = "<group>"; };
		B252CAF6242E83AF00D918C7 /* ViewController.swift */ = {isa = PBXFileReference; lastKnownFileType = sourcecode.swift; path = ViewController.swift; sourceTree = "<group>"; };
		B252CAF9242E83AF00D918C7 /* Base */ = {isa = PBXFileReference; lastKnownFileType = file.storyboard; name = Base; path = Base.lproj/Main.storyboard; sourceTree = "<group>"; };
		B252CAFB242E83B200D918C7 /* Assets.xcassets */ = {isa = PBXFileReference; lastKnownFileType = folder.assetcatalog; path = Assets.xcassets; sourceTree = "<group>"; };
		B252CAFE242E83B200D918C7 /* Base */ = {isa = PBXFileReference; lastKnownFileType = file.storyboard; name = Base; path = Base.lproj/LaunchScreen.storyboard; sourceTree = "<group>"; };
		B252CB00242E83B200D918C7 /* Info.plist */ = {isa = PBXFileReference; lastKnownFileType = text.plist.xml; path = Info.plist; sourceTree = "<group>"; };
		B252CB05242E83B200D918C7 /* MovieAppTests.xctest */ = {isa = PBXFileReference; explicitFileType = wrapper.cfbundle; includeInIndex = 0; path = MovieAppTests.xctest; sourceTree = BUILT_PRODUCTS_DIR; };
		B252CB09242E83B200D918C7 /* MovieAppTests.swift */ = {isa = PBXFileReference; lastKnownFileType = sourcecode.swift; path = MovieAppTests.swift; sourceTree = "<group>"; };
		B252CB0B242E83B200D918C7 /* Info.plist */ = {isa = PBXFileReference; lastKnownFileType = text.plist.xml; path = Info.plist; sourceTree = "<group>"; };
		B252CB10242E83B200D918C7 /* MovieAppUITests.xctest */ = {isa = PBXFileReference; explicitFileType = wrapper.cfbundle; includeInIndex = 0; path = MovieAppUITests.xctest; sourceTree = BUILT_PRODUCTS_DIR; };
		B252CB14242E83B200D918C7 /* MovieAppUITests.swift */ = {isa = PBXFileReference; lastKnownFileType = sourcecode.swift; path = MovieAppUITests.swift; sourceTree = "<group>"; };
		B252CB16242E83B200D918C7 /* Info.plist */ = {isa = PBXFileReference; lastKnownFileType = text.plist.xml; path = Info.plist; sourceTree = "<group>"; };
		B252CB2E242FA20B00D918C7 /* RxSwift.framework */ = {isa = PBXFileReference; lastKnownFileType = wrapper.framework; name = RxSwift.framework; path = Carthage/Build/iOS/RxSwift.framework; sourceTree = "<group>"; };
		B252CB2F242FA20B00D918C7 /* RxMoya.framework */ = {isa = PBXFileReference; lastKnownFileType = wrapper.framework; name = RxMoya.framework; path = Carthage/Build/iOS/RxMoya.framework; sourceTree = "<group>"; };
		B252CB30242FA20B00D918C7 /* RxCocoa.framework */ = {isa = PBXFileReference; lastKnownFileType = wrapper.framework; name = RxCocoa.framework; path = Carthage/Build/iOS/RxCocoa.framework; sourceTree = "<group>"; };
		B252CB39242FA43300D918C7 /* RxRelay.framework */ = {isa = PBXFileReference; lastKnownFileType = wrapper.framework; name = RxRelay.framework; path = Carthage/Build/iOS/RxRelay.framework; sourceTree = "<group>"; };
		B252CB3D242FA47300D918C7 /* Moya.framework */ = {isa = PBXFileReference; lastKnownFileType = wrapper.framework; name = Moya.framework; path = Carthage/Build/iOS/Moya.framework; sourceTree = "<group>"; };
		B252CB40242FA48F00D918C7 /* Alamofire.framework */ = {isa = PBXFileReference; lastKnownFileType = wrapper.framework; name = Alamofire.framework; path = Carthage/Build/iOS/Alamofire.framework; sourceTree = "<group>"; };
		B252CB43242FD1C900D918C7 /* ApiRouter.swift */ = {isa = PBXFileReference; fileEncoding = 4; lastKnownFileType = sourcecode.swift; path = ApiRouter.swift; sourceTree = "<group>"; };
		B252CB44242FD1CA00D918C7 /* ApiRequest.swift */ = {isa = PBXFileReference; fileEncoding = 4; lastKnownFileType = sourcecode.swift; path = ApiRequest.swift; sourceTree = "<group>"; };
		B252CB45242FD1CA00D918C7 /* ApiConstant.swift */ = {isa = PBXFileReference; fileEncoding = 4; lastKnownFileType = sourcecode.swift; path = ApiConstant.swift; sourceTree = "<group>"; };
		B252CB46242FD1CA00D918C7 /* ApiServices.swift */ = {isa = PBXFileReference; fileEncoding = 4; lastKnownFileType = sourcecode.swift; path = ApiServices.swift; sourceTree = "<group>"; };
		B252CB4B242FE03900D918C7 /* ApiResponse.swift */ = {isa = PBXFileReference; lastKnownFileType = sourcecode.swift; path = ApiResponse.swift; sourceTree = "<group>"; };
		B252CB4D242FE04E00D918C7 /* ApiError.swift */ = {isa = PBXFileReference; lastKnownFileType = sourcecode.swift; path = ApiError.swift; sourceTree = "<group>"; };
		B27FD6BB2432438B00A9580A /* RxDataSources.framework */ = {isa = PBXFileReference; lastKnownFileType = wrapper.framework; name = RxDataSources.framework; path = Carthage/Build/iOS/RxDataSources.framework; sourceTree = "<group>"; };
		B27FD6BE2432451D00A9580A /* Differentiator.framework */ = {isa = PBXFileReference; lastKnownFileType = wrapper.framework; name = Differentiator.framework; path = Carthage/Build/iOS/Differentiator.framework; sourceTree = "<group>"; };
		B28CC468243176EB00E3A5AC /* PopularMovieListViewController.swift */ = {isa = PBXFileReference; lastKnownFileType = sourcecode.swift; path = PopularMovieListViewController.swift; sourceTree = "<group>"; };
		B28CC469243176EB00E3A5AC /* PopularMovieListViewController.xib */ = {isa = PBXFileReference; lastKnownFileType = file.xib; path = PopularMovieListViewController.xib; sourceTree = "<group>"; };
		B28CC46D2431770B00E3A5AC /* PopularMovieListViewModel.swift */ = {isa = PBXFileReference; lastKnownFileType = sourcecode.swift; path = PopularMovieListViewModel.swift; sourceTree = "<group>"; };
		B28CC474243178EF00E3A5AC /* NibIdentifiable.swift */ = {isa = PBXFileReference; fileEncoding = 4; lastKnownFileType = sourcecode.swift; path = NibIdentifiable.swift; sourceTree = "<group>"; };
		B28CC475243178EF00E3A5AC /* UITableView+Identifiable.swift */ = {isa = PBXFileReference; fileEncoding = 4; lastKnownFileType = sourcecode.swift; path = "UITableView+Identifiable.swift"; sourceTree = "<group>"; };
		B28CC476243178F000E3A5AC /* ClassIdentifiable.swift */ = {isa = PBXFileReference; fileEncoding = 4; lastKnownFileType = sourcecode.swift; path = ClassIdentifiable.swift; sourceTree = "<group>"; };
		B28CC47A243179ED00E3A5AC /* BindableType.swift */ = {isa = PBXFileReference; lastKnownFileType = sourcecode.swift; path = BindableType.swift; sourceTree = "<group>"; };
		B28CC48124321A8700E3A5AC /* PopulerMoviewListTableViewCell.swift */ = {isa = PBXFileReference; lastKnownFileType = sourcecode.swift; path = PopulerMoviewListTableViewCell.swift; sourceTree = "<group>"; };
		B28CC48224321A8700E3A5AC /* PopulerMoviewListTableViewCell.xib */ = {isa = PBXFileReference; lastKnownFileType = file.xib; path = PopulerMoviewListTableViewCell.xib; sourceTree = "<group>"; };
		B28CC48524321AAB00E3A5AC /* PopulerMovieListTableViewCellViewModel.swift */ = {isa = PBXFileReference; lastKnownFileType = sourcecode.swift; path = PopulerMovieListTableViewCellViewModel.swift; sourceTree = "<group>"; };
		B28CC48824321DF200E3A5AC /* ObservableType+Extras.swift */ = {isa = PBXFileReference; fileEncoding = 4; lastKnownFileType = sourcecode.swift; path = "ObservableType+Extras.swift"; sourceTree = "<group>"; };
		B2E0C75F2430DBCF0037EDA0 /* PopulerMovieResponse.swift */ = {isa = PBXFileReference; lastKnownFileType = sourcecode.swift; path = PopulerMovieResponse.swift; sourceTree = "<group>"; };
		B2E0C7622430DC210037EDA0 /* PopulerMovie.swift */ = {isa = PBXFileReference; lastKnownFileType = sourcecode.swift; path = PopulerMovie.swift; sourceTree = "<group>"; };
/* End PBXFileReference section */

/* Begin PBXFrameworksBuildPhase section */
		B252CAEC242E83AF00D918C7 /* Frameworks */ = {
			isa = PBXFrameworksBuildPhase;
			buildActionMask = 2147483647;
			files = (
				B252CB3B242FA44800D918C7 /* RxRelay.framework in Frameworks */,
				B252CB41242FA48F00D918C7 /* Alamofire.framework in Frameworks */,
				B27FD6BF2432451D00A9580A /* Differentiator.framework in Frameworks */,
				B252CB3E242FA47300D918C7 /* Moya.framework in Frameworks */,
				B27FD6BC2432438B00A9580A /* RxDataSources.framework in Frameworks */,
				B252CB35242FA20C00D918C7 /* RxCocoa.framework in Frameworks */,
				B252CB33242FA20C00D918C7 /* RxMoya.framework in Frameworks */,
				B252CB31242FA20B00D918C7 /* RxSwift.framework in Frameworks */,
			);
			runOnlyForDeploymentPostprocessing = 0;
		};
		B252CB02242E83B200D918C7 /* Frameworks */ = {
			isa = PBXFrameworksBuildPhase;
			buildActionMask = 2147483647;
			files = (
			);
			runOnlyForDeploymentPostprocessing = 0;
		};
		B252CB0D242E83B200D918C7 /* Frameworks */ = {
			isa = PBXFrameworksBuildPhase;
			buildActionMask = 2147483647;
			files = (
			);
			runOnlyForDeploymentPostprocessing = 0;
		};
/* End PBXFrameworksBuildPhase section */

/* Begin PBXGroup section */
		B252CAE6242E83AF00D918C7 = {
			isa = PBXGroup;
			children = (
				B252CAF1242E83AF00D918C7 /* MovieApp */,
				B252CB08242E83B200D918C7 /* MovieAppTests */,
				B252CB13242E83B200D918C7 /* MovieAppUITests */,
				B252CAF0242E83AF00D918C7 /* Products */,
				B252CB2D242FA20B00D918C7 /* Frameworks */,
			);
			sourceTree = "<group>";
		};
		B252CAF0242E83AF00D918C7 /* Products */ = {
			isa = PBXGroup;
			children = (
				B252CAEF242E83AF00D918C7 /* MovieApp.app */,
				B252CB05242E83B200D918C7 /* MovieAppTests.xctest */,
				B252CB10242E83B200D918C7 /* MovieAppUITests.xctest */,
			);
			name = Products;
			sourceTree = "<group>";
		};
		B252CAF1242E83AF00D918C7 /* MovieApp */ = {
			isa = PBXGroup;
			children = (
				B252CB22242F683E00D918C7 /* App */,
				B252CB29242F6A3F00D918C7 /* Common */,
				B252CB28242F6A2200D918C7 /* Coordinator */,
				B252CB26242F6A1200D918C7 /* Models */,
				B252CB25242F6A0200D918C7 /* Networking */,
				B252CB23242F685400D918C7 /* Scenes */,
				B252CAF6242E83AF00D918C7 /* ViewController.swift */,
				B252CAF8242E83AF00D918C7 /* Main.storyboard */,
			);
			path = MovieApp;
			sourceTree = "<group>";
		};
		B252CB08242E83B200D918C7 /* MovieAppTests */ = {
			isa = PBXGroup;
			children = (
				B252CB09242E83B200D918C7 /* MovieAppTests.swift */,
				B252CB0B242E83B200D918C7 /* Info.plist */,
			);
			path = MovieAppTests;
			sourceTree = "<group>";
		};
		B252CB13242E83B200D918C7 /* MovieAppUITests */ = {
			isa = PBXGroup;
			children = (
				B252CB14242E83B200D918C7 /* MovieAppUITests.swift */,
				B252CB16242E83B200D918C7 /* Info.plist */,
			);
			path = MovieAppUITests;
			sourceTree = "<group>";
		};
		B252CB22242F683E00D918C7 /* App */ = {
			isa = PBXGroup;
			children = (
				B252CAF2242E83AF00D918C7 /* AppDelegate.swift */,
				B252CAF4242E83AF00D918C7 /* SceneDelegate.swift */,
				B252CAFB242E83B200D918C7 /* Assets.xcassets */,
				B252CAFD242E83B200D918C7 /* LaunchScreen.storyboard */,
				B252CB00242E83B200D918C7 /* Info.plist */,
			);
			path = App;
			sourceTree = "<group>";
		};
		B252CB23242F685400D918C7 /* Scenes */ = {
			isa = PBXGroup;
			children = (
				B252CB24242F687900D918C7 /* PopulerMovieList */,
			);
			path = Scenes;
			sourceTree = "<group>";
		};
		B252CB24242F687900D918C7 /* PopulerMovieList */ = {
			isa = PBXGroup;
			children = (
				B28CC48024321A5900E3A5AC /* Cell */,
				B28CC46D2431770B00E3A5AC /* PopularMovieListViewModel.swift */,
				B28CC468243176EB00E3A5AC /* PopularMovieListViewController.swift */,
				B28CC469243176EB00E3A5AC /* PopularMovieListViewController.xib */,
			);
			path = PopulerMovieList;
			sourceTree = "<group>";
		};
		B252CB25242F6A0200D918C7 /* Networking */ = {
			isa = PBXGroup;
			children = (
				B252CB45242FD1CA00D918C7 /* ApiConstant.swift */,
				B252CB43242FD1C900D918C7 /* ApiRouter.swift */,
				B252CB46242FD1CA00D918C7 /* ApiServices.swift */,
				B252CB44242FD1CA00D918C7 /* ApiRequest.swift */,
				B252CB4B242FE03900D918C7 /* ApiResponse.swift */,
				B252CB4D242FE04E00D918C7 /* ApiError.swift */,
			);
			path = Networking;
			sourceTree = "<group>";
		};
		B252CB26242F6A1200D918C7 /* Models */ = {
			isa = PBXGroup;
			children = (
				B2E0C7612430DC0A0037EDA0 /* Entitys */,
				B2E0C75E2430DBB30037EDA0 /* Responses */,
			);
			path = Models;
			sourceTree = "<group>";
		};
		B252CB28242F6A2200D918C7 /* Coordinator */ = {
			isa = PBXGroup;
			children = (
			);
			path = Coordinator;
			sourceTree = "<group>";
		};
		B252CB29242F6A3F00D918C7 /* Common */ = {
			isa = PBXGroup;
			children = (
				B252CB2C242F6AE200D918C7 /* Managers */,
				B252CB2B242F6ADA00D918C7 /* Helpers */,
				B252CB2A242F6AC900D918C7 /* Extensions */,
			);
			path = Common;
			sourceTree = "<group>";
		};
		B252CB2A242F6AC900D918C7 /* Extensions */ = {
			isa = PBXGroup;
			children = (
				B28CC48724321DDD00E3A5AC /* Rx */,
				B28CC473243178E000E3A5AC /* Indentifiable */,
				B28CC47A243179ED00E3A5AC /* BindableType.swift */,
			);
			path = Extensions;
			sourceTree = "<group>";
		};
		B252CB2B242F6ADA00D918C7 /* Helpers */ = {
			isa = PBXGroup;
			children = (
			);
			path = Helpers;
			sourceTree = "<group>";
		};
		B252CB2C242F6AE200D918C7 /* Managers */ = {
			isa = PBXGroup;
			children = (
			);
			path = Managers;
			sourceTree = "<group>";
		};
		B252CB2D242FA20B00D918C7 /* Frameworks */ = {
			isa = PBXGroup;
			children = (
				B27FD6BE2432451D00A9580A /* Differentiator.framework */,
				B27FD6BB2432438B00A9580A /* RxDataSources.framework */,
				B252CB40242FA48F00D918C7 /* Alamofire.framework */,
				B252CB3D242FA47300D918C7 /* Moya.framework */,
				B252CB39242FA43300D918C7 /* RxRelay.framework */,
				B252CB30242FA20B00D918C7 /* RxCocoa.framework */,
				B252CB2F242FA20B00D918C7 /* RxMoya.framework */,
				B252CB2E242FA20B00D918C7 /* RxSwift.framework */,
			);
			name = Frameworks;
			sourceTree = "<group>";
		};
		B28CC473243178E000E3A5AC /* Indentifiable */ = {
			isa = PBXGroup;
			children = (
				B28CC476243178F000E3A5AC /* ClassIdentifiable.swift */,
				B28CC474243178EF00E3A5AC /* NibIdentifiable.swift */,
				B28CC475243178EF00E3A5AC /* UITableView+Identifiable.swift */,
			);
			path = Indentifiable;
			sourceTree = "<group>";
		};
		B28CC48024321A5900E3A5AC /* Cell */ = {
			isa = PBXGroup;
			children = (
				B28CC48124321A8700E3A5AC /* PopulerMoviewListTableViewCell.swift */,
				B28CC48224321A8700E3A5AC /* PopulerMoviewListTableViewCell.xib */,
				B28CC48524321AAB00E3A5AC /* PopulerMovieListTableViewCellViewModel.swift */,
			);
			path = Cell;
			sourceTree = "<group>";
		};
		B28CC48724321DDD00E3A5AC /* Rx */ = {
			isa = PBXGroup;
			children = (
				B28CC48824321DF200E3A5AC /* ObservableType+Extras.swift */,
			);
			path = Rx;
			sourceTree = "<group>";
		};
		B2E0C75E2430DBB30037EDA0 /* Responses */ = {
			isa = PBXGroup;
			children = (
				B2E0C75F2430DBCF0037EDA0 /* PopulerMovieResponse.swift */,
			);
			path = Responses;
			sourceTree = "<group>";
		};
		B2E0C7612430DC0A0037EDA0 /* Entitys */ = {
			isa = PBXGroup;
			children = (
				B2E0C7622430DC210037EDA0 /* PopulerMovie.swift */,
			);
			path = Entitys;
			sourceTree = "<group>";
		};
/* End PBXGroup section */

/* Begin PBXNativeTarget section */
		B252CAEE242E83AF00D918C7 /* MovieApp */ = {
			isa = PBXNativeTarget;
			buildConfigurationList = B252CB19242E83B200D918C7 /* Build configuration list for PBXNativeTarget "MovieApp" */;
			buildPhases = (
				B252CAEB242E83AF00D918C7 /* Sources */,
				B252CAEC242E83AF00D918C7 /* Frameworks */,
				B252CAED242E83AF00D918C7 /* Resources */,
				B252CB37242FA20C00D918C7 /* Embed Frameworks */,
			);
			buildRules = (
			);
			dependencies = (
			);
			name = MovieApp;
			productName = MovieApp;
			productReference = B252CAEF242E83AF00D918C7 /* MovieApp.app */;
			productType = "com.apple.product-type.application";
		};
		B252CB04242E83B200D918C7 /* MovieAppTests */ = {
			isa = PBXNativeTarget;
			buildConfigurationList = B252CB1C242E83B200D918C7 /* Build configuration list for PBXNativeTarget "MovieAppTests" */;
			buildPhases = (
				B252CB01242E83B200D918C7 /* Sources */,
				B252CB02242E83B200D918C7 /* Frameworks */,
				B252CB03242E83B200D918C7 /* Resources */,
			);
			buildRules = (
			);
			dependencies = (
				B252CB07242E83B200D918C7 /* PBXTargetDependency */,
			);
			name = MovieAppTests;
			productName = MovieAppTests;
			productReference = B252CB05242E83B200D918C7 /* MovieAppTests.xctest */;
			productType = "com.apple.product-type.bundle.unit-test";
		};
		B252CB0F242E83B200D918C7 /* MovieAppUITests */ = {
			isa = PBXNativeTarget;
			buildConfigurationList = B252CB1F242E83B200D918C7 /* Build configuration list for PBXNativeTarget "MovieAppUITests" */;
			buildPhases = (
				B252CB0C242E83B200D918C7 /* Sources */,
				B252CB0D242E83B200D918C7 /* Frameworks */,
				B252CB0E242E83B200D918C7 /* Resources */,
			);
			buildRules = (
			);
			dependencies = (
				B252CB12242E83B200D918C7 /* PBXTargetDependency */,
			);
			name = MovieAppUITests;
			productName = MovieAppUITests;
			productReference = B252CB10242E83B200D918C7 /* MovieAppUITests.xctest */;
			productType = "com.apple.product-type.bundle.ui-testing";
		};
/* End PBXNativeTarget section */

/* Begin PBXProject section */
		B252CAE7242E83AF00D918C7 /* Project object */ = {
			isa = PBXProject;
			attributes = {
				LastSwiftUpdateCheck = 1140;
				LastUpgradeCheck = 1140;
				ORGANIZATIONNAME = "Erkan CAN";
				TargetAttributes = {
					B252CAEE242E83AF00D918C7 = {
						CreatedOnToolsVersion = 11.4;
					};
					B252CB04242E83B200D918C7 = {
						CreatedOnToolsVersion = 11.4;
						TestTargetID = B252CAEE242E83AF00D918C7;
					};
					B252CB0F242E83B200D918C7 = {
						CreatedOnToolsVersion = 11.4;
						TestTargetID = B252CAEE242E83AF00D918C7;
					};
				};
			};
			buildConfigurationList = B252CAEA242E83AF00D918C7 /* Build configuration list for PBXProject "MovieApp" */;
			compatibilityVersion = "Xcode 9.3";
			developmentRegion = en;
			hasScannedForEncodings = 0;
			knownRegions = (
				en,
				Base,
			);
			mainGroup = B252CAE6242E83AF00D918C7;
			productRefGroup = B252CAF0242E83AF00D918C7 /* Products */;
			projectDirPath = "";
			projectRoot = "";
			targets = (
				B252CAEE242E83AF00D918C7 /* MovieApp */,
				B252CB04242E83B200D918C7 /* MovieAppTests */,
				B252CB0F242E83B200D918C7 /* MovieAppUITests */,
			);
		};
/* End PBXProject section */

/* Begin PBXResourcesBuildPhase section */
		B252CAED242E83AF00D918C7 /* Resources */ = {
			isa = PBXResourcesBuildPhase;
			buildActionMask = 2147483647;
			files = (
				B252CAFF242E83B200D918C7 /* LaunchScreen.storyboard in Resources */,
				B28CC46B243176EB00E3A5AC /* PopularMovieListViewController.xib in Resources */,
				B252CAFC242E83B200D918C7 /* Assets.xcassets in Resources */,
				B252CAFA242E83AF00D918C7 /* Main.storyboard in Resources */,
				B28CC48424321A8700E3A5AC /* PopulerMoviewListTableViewCell.xib in Resources */,
			);
			runOnlyForDeploymentPostprocessing = 0;
		};
		B252CB03242E83B200D918C7 /* Resources */ = {
			isa = PBXResourcesBuildPhase;
			buildActionMask = 2147483647;
			files = (
			);
			runOnlyForDeploymentPostprocessing = 0;
		};
		B252CB0E242E83B200D918C7 /* Resources */ = {
			isa = PBXResourcesBuildPhase;
			buildActionMask = 2147483647;
			files = (
			);
			runOnlyForDeploymentPostprocessing = 0;
		};
/* End PBXResourcesBuildPhase section */

/* Begin PBXSourcesBuildPhase section */
		B252CAEB242E83AF00D918C7 /* Sources */ = {
			isa = PBXSourcesBuildPhase;
			buildActionMask = 2147483647;
			files = (
				B28CC48324321A8700E3A5AC /* PopulerMoviewListTableViewCell.swift in Sources */,
				B252CB49242FD1CA00D918C7 /* ApiConstant.swift in Sources */,
				B2E0C7632430DC210037EDA0 /* PopulerMovie.swift in Sources */,
				B28CC46E2431770B00E3A5AC /* PopularMovieListViewModel.swift in Sources */,
				B28CC46724315B9F00E3A5AC /* ApiRouter.swift in Sources */,
				B252CB4A242FD1CA00D918C7 /* ApiServices.swift in Sources */,
				B252CAF7242E83AF00D918C7 /* ViewController.swift in Sources */,
				B28CC48924321DF200E3A5AC /* ObservableType+Extras.swift in Sources */,
				B252CB48242FD1CA00D918C7 /* ApiRequest.swift in Sources */,
				B28CC47B243179ED00E3A5AC /* BindableType.swift in Sources */,
				B252CB4E242FE04E00D918C7 /* ApiError.swift in Sources */,
				B28CC477243178F000E3A5AC /* NibIdentifiable.swift in Sources */,
				B252CB4C242FE03900D918C7 /* ApiResponse.swift in Sources */,
				B2E0C7602430DBCF0037EDA0 /* PopulerMovieResponse.swift in Sources */,
				B28CC479243178F000E3A5AC /* ClassIdentifiable.swift in Sources */,
				B28CC46A243176EB00E3A5AC /* PopularMovieListViewController.swift in Sources */,
				B252CAF3242E83AF00D918C7 /* AppDelegate.swift in Sources */,
				B252CAF5242E83AF00D918C7 /* SceneDelegate.swift in Sources */,
				B28CC478243178F000E3A5AC /* UITableView+Identifiable.swift in Sources */,
				B28CC48624321AAB00E3A5AC /* PopulerMovieListTableViewCellViewModel.swift in Sources */,
			);
			runOnlyForDeploymentPostprocessing = 0;
		};
		B252CB01242E83B200D918C7 /* Sources */ = {
			isa = PBXSourcesBuildPhase;
			buildActionMask = 2147483647;
			files = (
				B252CB0A242E83B200D918C7 /* MovieAppTests.swift in Sources */,
			);
			runOnlyForDeploymentPostprocessing = 0;
		};
		B252CB0C242E83B200D918C7 /* Sources */ = {
			isa = PBXSourcesBuildPhase;
			buildActionMask = 2147483647;
			files = (
				B252CB15242E83B200D918C7 /* MovieAppUITests.swift in Sources */,
			);
			runOnlyForDeploymentPostprocessing = 0;
		};
/* End PBXSourcesBuildPhase section */

/* Begin PBXTargetDependency section */
		B252CB07242E83B200D918C7 /* PBXTargetDependency */ = {
			isa = PBXTargetDependency;
			target = B252CAEE242E83AF00D918C7 /* MovieApp */;
			targetProxy = B252CB06242E83B200D918C7 /* PBXContainerItemProxy */;
		};
		B252CB12242E83B200D918C7 /* PBXTargetDependency */ = {
			isa = PBXTargetDependency;
			target = B252CAEE242E83AF00D918C7 /* MovieApp */;
			targetProxy = B252CB11242E83B200D918C7 /* PBXContainerItemProxy */;
		};
/* End PBXTargetDependency section */

/* Begin PBXVariantGroup section */
		B252CAF8242E83AF00D918C7 /* Main.storyboard */ = {
			isa = PBXVariantGroup;
			children = (
				B252CAF9242E83AF00D918C7 /* Base */,
			);
			name = Main.storyboard;
			sourceTree = "<group>";
		};
		B252CAFD242E83B200D918C7 /* LaunchScreen.storyboard */ = {
			isa = PBXVariantGroup;
			children = (
				B252CAFE242E83B200D918C7 /* Base */,
			);
			name = LaunchScreen.storyboard;
			sourceTree = "<group>";
		};
/* End PBXVariantGroup section */

/* Begin XCBuildConfiguration section */
		B252CB17242E83B200D918C7 /* Debug */ = {
			isa = XCBuildConfiguration;
			buildSettings = {
				ALWAYS_SEARCH_USER_PATHS = NO;
				CLANG_ANALYZER_NONNULL = YES;
				CLANG_ANALYZER_NUMBER_OBJECT_CONVERSION = YES_AGGRESSIVE;
				CLANG_CXX_LANGUAGE_STANDARD = "gnu++14";
				CLANG_CXX_LIBRARY = "libc++";
				CLANG_ENABLE_MODULES = YES;
				CLANG_ENABLE_OBJC_ARC = YES;
				CLANG_ENABLE_OBJC_WEAK = YES;
				CLANG_WARN_BLOCK_CAPTURE_AUTORELEASING = YES;
				CLANG_WARN_BOOL_CONVERSION = YES;
				CLANG_WARN_COMMA = YES;
				CLANG_WARN_CONSTANT_CONVERSION = YES;
				CLANG_WARN_DEPRECATED_OBJC_IMPLEMENTATIONS = YES;
				CLANG_WARN_DIRECT_OBJC_ISA_USAGE = YES_ERROR;
				CLANG_WARN_DOCUMENTATION_COMMENTS = YES;
				CLANG_WARN_EMPTY_BODY = YES;
				CLANG_WARN_ENUM_CONVERSION = YES;
				CLANG_WARN_INFINITE_RECURSION = YES;
				CLANG_WARN_INT_CONVERSION = YES;
				CLANG_WARN_NON_LITERAL_NULL_CONVERSION = YES;
				CLANG_WARN_OBJC_IMPLICIT_RETAIN_SELF = YES;
				CLANG_WARN_OBJC_LITERAL_CONVERSION = YES;
				CLANG_WARN_OBJC_ROOT_CLASS = YES_ERROR;
				CLANG_WARN_RANGE_LOOP_ANALYSIS = YES;
				CLANG_WARN_STRICT_PROTOTYPES = YES;
				CLANG_WARN_SUSPICIOUS_MOVE = YES;
				CLANG_WARN_UNGUARDED_AVAILABILITY = YES_AGGRESSIVE;
				CLANG_WARN_UNREACHABLE_CODE = YES;
				CLANG_WARN__DUPLICATE_METHOD_MATCH = YES;
				COPY_PHASE_STRIP = NO;
				DEBUG_INFORMATION_FORMAT = dwarf;
				ENABLE_STRICT_OBJC_MSGSEND = YES;
				ENABLE_TESTABILITY = YES;
				GCC_C_LANGUAGE_STANDARD = gnu11;
				GCC_DYNAMIC_NO_PIC = NO;
				GCC_NO_COMMON_BLOCKS = YES;
				GCC_OPTIMIZATION_LEVEL = 0;
				GCC_PREPROCESSOR_DEFINITIONS = (
					"DEBUG=1",
					"$(inherited)",
				);
				GCC_WARN_64_TO_32_BIT_CONVERSION = YES;
				GCC_WARN_ABOUT_RETURN_TYPE = YES_ERROR;
				GCC_WARN_UNDECLARED_SELECTOR = YES;
				GCC_WARN_UNINITIALIZED_AUTOS = YES_AGGRESSIVE;
				GCC_WARN_UNUSED_FUNCTION = YES;
				GCC_WARN_UNUSED_VARIABLE = YES;
				IPHONEOS_DEPLOYMENT_TARGET = 13.4;
				MTL_ENABLE_DEBUG_INFO = INCLUDE_SOURCE;
				MTL_FAST_MATH = YES;
				ONLY_ACTIVE_ARCH = YES;
				SDKROOT = iphoneos;
				SWIFT_ACTIVE_COMPILATION_CONDITIONS = DEBUG;
				SWIFT_OPTIMIZATION_LEVEL = "-Onone";
			};
			name = Debug;
		};
		B252CB18242E83B200D918C7 /* Release */ = {
			isa = XCBuildConfiguration;
			buildSettings = {
				ALWAYS_SEARCH_USER_PATHS = NO;
				CLANG_ANALYZER_NONNULL = YES;
				CLANG_ANALYZER_NUMBER_OBJECT_CONVERSION = YES_AGGRESSIVE;
				CLANG_CXX_LANGUAGE_STANDARD = "gnu++14";
				CLANG_CXX_LIBRARY = "libc++";
				CLANG_ENABLE_MODULES = YES;
				CLANG_ENABLE_OBJC_ARC = YES;
				CLANG_ENABLE_OBJC_WEAK = YES;
				CLANG_WARN_BLOCK_CAPTURE_AUTORELEASING = YES;
				CLANG_WARN_BOOL_CONVERSION = YES;
				CLANG_WARN_COMMA = YES;
				CLANG_WARN_CONSTANT_CONVERSION = YES;
				CLANG_WARN_DEPRECATED_OBJC_IMPLEMENTATIONS = YES;
				CLANG_WARN_DIRECT_OBJC_ISA_USAGE = YES_ERROR;
				CLANG_WARN_DOCUMENTATION_COMMENTS = YES;
				CLANG_WARN_EMPTY_BODY = YES;
				CLANG_WARN_ENUM_CONVERSION = YES;
				CLANG_WARN_INFINITE_RECURSION = YES;
				CLANG_WARN_INT_CONVERSION = YES;
				CLANG_WARN_NON_LITERAL_NULL_CONVERSION = YES;
				CLANG_WARN_OBJC_IMPLICIT_RETAIN_SELF = YES;
				CLANG_WARN_OBJC_LITERAL_CONVERSION = YES;
				CLANG_WARN_OBJC_ROOT_CLASS = YES_ERROR;
				CLANG_WARN_RANGE_LOOP_ANALYSIS = YES;
				CLANG_WARN_STRICT_PROTOTYPES = YES;
				CLANG_WARN_SUSPICIOUS_MOVE = YES;
				CLANG_WARN_UNGUARDED_AVAILABILITY = YES_AGGRESSIVE;
				CLANG_WARN_UNREACHABLE_CODE = YES;
				CLANG_WARN__DUPLICATE_METHOD_MATCH = YES;
				COPY_PHASE_STRIP = NO;
				DEBUG_INFORMATION_FORMAT = "dwarf-with-dsym";
				ENABLE_NS_ASSERTIONS = NO;
				ENABLE_STRICT_OBJC_MSGSEND = YES;
				GCC_C_LANGUAGE_STANDARD = gnu11;
				GCC_NO_COMMON_BLOCKS = YES;
				GCC_WARN_64_TO_32_BIT_CONVERSION = YES;
				GCC_WARN_ABOUT_RETURN_TYPE = YES_ERROR;
				GCC_WARN_UNDECLARED_SELECTOR = YES;
				GCC_WARN_UNINITIALIZED_AUTOS = YES_AGGRESSIVE;
				GCC_WARN_UNUSED_FUNCTION = YES;
				GCC_WARN_UNUSED_VARIABLE = YES;
				IPHONEOS_DEPLOYMENT_TARGET = 13.4;
				MTL_ENABLE_DEBUG_INFO = NO;
				MTL_FAST_MATH = YES;
				SDKROOT = iphoneos;
				SWIFT_COMPILATION_MODE = wholemodule;
				SWIFT_OPTIMIZATION_LEVEL = "-O";
				VALIDATE_PRODUCT = YES;
			};
			name = Release;
		};
		B252CB1A242E83B200D918C7 /* Debug */ = {
			isa = XCBuildConfiguration;
			buildSettings = {
				ASSETCATALOG_COMPILER_APPICON_NAME = AppIcon;
				CODE_SIGN_STYLE = Automatic;
				FRAMEWORK_SEARCH_PATHS = (
					"$(inherited)",
					"$(PROJECT_DIR)/Carthage/Build/iOS",
				);
				INFOPLIST_FILE = MovieApp/App/Info.plist;
				IPHONEOS_DEPLOYMENT_TARGET = 13.0;
				LD_RUNPATH_SEARCH_PATHS = (
					"$(inherited)",
					"@executable_path/Frameworks",
				);
				PRODUCT_BUNDLE_IDENTIFIER = com.erkancan.MovieApp;
				PRODUCT_NAME = "$(TARGET_NAME)";
				SWIFT_VERSION = 5.0;
				TARGETED_DEVICE_FAMILY = 1;
			};
			name = Debug;
		};
		B252CB1B242E83B200D918C7 /* Release */ = {
			isa = XCBuildConfiguration;
			buildSettings = {
				ASSETCATALOG_COMPILER_APPICON_NAME = AppIcon;
				CODE_SIGN_STYLE = Automatic;
				FRAMEWORK_SEARCH_PATHS = (
					"$(inherited)",
					"$(PROJECT_DIR)/Carthage/Build/iOS",
				);
				INFOPLIST_FILE = MovieApp/App/Info.plist;
				IPHONEOS_DEPLOYMENT_TARGET = 13.0;
				LD_RUNPATH_SEARCH_PATHS = (
					"$(inherited)",
					"@executable_path/Frameworks",
				);
				PRODUCT_BUNDLE_IDENTIFIER = com.erkancan.MovieApp;
				PRODUCT_NAME = "$(TARGET_NAME)";
				SWIFT_VERSION = 5.0;
				TARGETED_DEVICE_FAMILY = 1;
			};
			name = Release;
		};
		B252CB1D242E83B200D918C7 /* Debug */ = {
			isa = XCBuildConfiguration;
			buildSettings = {
				ALWAYS_EMBED_SWIFT_STANDARD_LIBRARIES = YES;
				BUNDLE_LOADER = "$(TEST_HOST)";
				CODE_SIGN_STYLE = Automatic;
				INFOPLIST_FILE = MovieAppTests/Info.plist;
				IPHONEOS_DEPLOYMENT_TARGET = 13.4;
				LD_RUNPATH_SEARCH_PATHS = (
					"$(inherited)",
					"@executable_path/Frameworks",
					"@loader_path/Frameworks",
				);
				PRODUCT_BUNDLE_IDENTIFIER = com.erkancan.MovieAppTests;
				PRODUCT_NAME = "$(TARGET_NAME)";
				SWIFT_VERSION = 5.0;
				TARGETED_DEVICE_FAMILY = "1,2";
				TEST_HOST = "$(BUILT_PRODUCTS_DIR)/MovieApp.app/MovieApp";
			};
			name = Debug;
		};
		B252CB1E242E83B200D918C7 /* Release */ = {
			isa = XCBuildConfiguration;
			buildSettings = {
				ALWAYS_EMBED_SWIFT_STANDARD_LIBRARIES = YES;
				BUNDLE_LOADER = "$(TEST_HOST)";
				CODE_SIGN_STYLE = Automatic;
				INFOPLIST_FILE = MovieAppTests/Info.plist;
				IPHONEOS_DEPLOYMENT_TARGET = 13.4;
				LD_RUNPATH_SEARCH_PATHS = (
					"$(inherited)",
					"@executable_path/Frameworks",
					"@loader_path/Frameworks",
				);
				PRODUCT_BUNDLE_IDENTIFIER = com.erkancan.MovieAppTests;
				PRODUCT_NAME = "$(TARGET_NAME)";
				SWIFT_VERSION = 5.0;
				TARGETED_DEVICE_FAMILY = "1,2";
				TEST_HOST = "$(BUILT_PRODUCTS_DIR)/MovieApp.app/MovieApp";
			};
			name = Release;
		};
		B252CB20242E83B200D918C7 /* Debug */ = {
			isa = XCBuildConfiguration;
			buildSettings = {
				ALWAYS_EMBED_SWIFT_STANDARD_LIBRARIES = YES;
				CODE_SIGN_STYLE = Automatic;
				INFOPLIST_FILE = MovieAppUITests/Info.plist;
				LD_RUNPATH_SEARCH_PATHS = (
					"$(inherited)",
					"@executable_path/Frameworks",
					"@loader_path/Frameworks",
				);
				PRODUCT_BUNDLE_IDENTIFIER = com.erkancan.MovieAppUITests;
				PRODUCT_NAME = "$(TARGET_NAME)";
				SWIFT_VERSION = 5.0;
				TARGETED_DEVICE_FAMILY = "1,2";
				TEST_TARGET_NAME = MovieApp;
			};
			name = Debug;
		};
		B252CB21242E83B200D918C7 /* Release */ = {
			isa = XCBuildConfiguration;
			buildSettings = {
				ALWAYS_EMBED_SWIFT_STANDARD_LIBRARIES = YES;
				CODE_SIGN_STYLE = Automatic;
				INFOPLIST_FILE = MovieAppUITests/Info.plist;
				LD_RUNPATH_SEARCH_PATHS = (
					"$(inherited)",
					"@executable_path/Frameworks",
					"@loader_path/Frameworks",
				);
				PRODUCT_BUNDLE_IDENTIFIER = com.erkancan.MovieAppUITests;
				PRODUCT_NAME = "$(TARGET_NAME)";
				SWIFT_VERSION = 5.0;
				TARGETED_DEVICE_FAMILY = "1,2";
				TEST_TARGET_NAME = MovieApp;
			};
			name = Release;
		};
/* End XCBuildConfiguration section */

/* Begin XCConfigurationList section */
		B252CAEA242E83AF00D918C7 /* Build configuration list for PBXProject "MovieApp" */ = {
			isa = XCConfigurationList;
			buildConfigurations = (
				B252CB17242E83B200D918C7 /* Debug */,
				B252CB18242E83B200D918C7 /* Release */,
			);
			defaultConfigurationIsVisible = 0;
			defaultConfigurationName = Release;
		};
		B252CB19242E83B200D918C7 /* Build configuration list for PBXNativeTarget "MovieApp" */ = {
			isa = XCConfigurationList;
			buildConfigurations = (
				B252CB1A242E83B200D918C7 /* Debug */,
				B252CB1B242E83B200D918C7 /* Release */,
			);
			defaultConfigurationIsVisible = 0;
			defaultConfigurationName = Release;
		};
		B252CB1C242E83B200D918C7 /* Build configuration list for PBXNativeTarget "MovieAppTests" */ = {
			isa = XCConfigurationList;
			buildConfigurations = (
				B252CB1D242E83B200D918C7 /* Debug */,
				B252CB1E242E83B200D918C7 /* Release */,
			);
			defaultConfigurationIsVisible = 0;
			defaultConfigurationName = Release;
		};
		B252CB1F242E83B200D918C7 /* Build configuration list for PBXNativeTarget "MovieAppUITests" */ = {
			isa = XCConfigurationList;
			buildConfigurations = (
				B252CB20242E83B200D918C7 /* Debug */,
				B252CB21242E83B200D918C7 /* Release */,
			);
			defaultConfigurationIsVisible = 0;
			defaultConfigurationName = Release;
		};
/* End XCConfigurationList section */
	};
	rootObject = B252CAE7242E83AF00D918C7 /* Project object */;
}
